{
    "name": "dashkiosk",
    "dependencies": {
        "grunt-autoprefixer": {
            "dependencies": {
                "autoprefixer-core": {
                    "version": "3.1.1",
                    "dependencies": {
                        "caniuse-db": {
                            "version": "1.0.20141006"
                        }
                    }
                }
            }
        }
    }
}
